// !$*UTF8*$!
{
	archiveVersion = 1;
	classes = {
	};
	objectVersion = 50;
	objects = {

/* Begin PBXBuildFile section */
		D65C2C6924F36CE700D98F1C /* SwiftUIView.swift in Sources */ = {isa = PBXBuildFile; fileRef = D65C2C6824F36CE700D98F1C /* SwiftUIView.swift */; };
		D65C2C6B24F373C300D98F1C /* AboutView.swift in Sources */ = {isa = PBXBuildFile; fileRef = D65C2C6A24F373C300D98F1C /* AboutView.swift */; };
		D67BB5A324F31084003C0262 /* AppDelegate.swift in Sources */ = {isa = PBXBuildFile; fileRef = D67BB5A224F31084003C0262 /* AppDelegate.swift */; };
		D67BB5A524F31084003C0262 /* SceneDelegate.swift in Sources */ = {isa = PBXBuildFile; fileRef = D67BB5A424F31084003C0262 /* SceneDelegate.swift */; };
		D67BB5A724F31084003C0262 /* ContentView.swift in Sources */ = {isa = PBXBuildFile; fileRef = D67BB5A624F31084003C0262 /* ContentView.swift */; };
		D67BB5A924F31086003C0262 /* Assets.xcassets in Resources */ = {isa = PBXBuildFile; fileRef = D67BB5A824F31086003C0262 /* Assets.xcassets */; };
		D67BB5AC24F31086003C0262 /* Preview Assets.xcassets in Resources */ = {isa = PBXBuildFile; fileRef = D67BB5AB24F31086003C0262 /* Preview Assets.xcassets */; };
		D67BB5AF24F31086003C0262 /* LaunchScreen.storyboard in Resources */ = {isa = PBXBuildFile; fileRef = D67BB5AD24F31086003C0262 /* LaunchScreen.storyboard */; };
/* End PBXBuildFile section */

/* Begin PBXFileReference section */
		D65C2C6824F36CE700D98F1C /* SwiftUIView.swift */ = {isa = PBXFileReference; lastKnownFileType = sourcecode.swift; path = SwiftUIView.swift; sourceTree = "<group>"; };
		D65C2C6A24F373C300D98F1C /* AboutView.swift */ = {isa = PBXFileReference; lastKnownFileType = sourcecode.swift; path = AboutView.swift; sourceTree = "<group>"; };
		D67BB59F24F31084003C0262 /* Bullseye🎯.app */ = {isa = PBXFileReference; explicitFileType = wrapper.application; includeInIndex = 0; path = "Bullseye🎯.app"; sourceTree = BUILT_PRODUCTS_DIR; };
		D67BB5A224F31084003C0262 /* AppDelegate.swift */ = {isa = PBXFileReference; lastKnownFileType = sourcecode.swift; path = AppDelegate.swift; sourceTree = "<group>"; };
		D67BB5A424F31084003C0262 /* SceneDelegate.swift */ = {isa = PBXFileReference; lastKnownFileType = sourcecode.swift; path = SceneDelegate.swift; sourceTree = "<group>"; };
		D67BB5A624F31084003C0262 /* ContentView.swift */ = {isa = PBXFileReference; lastKnownFileType = sourcecode.swift; path = ContentView.swift; sourceTree = "<group>"; };
		D67BB5A824F31086003C0262 /* Assets.xcassets */ = {isa = PBXFileReference; lastKnownFileType = folder.assetcatalog; path = Assets.xcassets; sourceTree = "<group>"; };
		D67BB5AB24F31086003C0262 /* Preview Assets.xcassets */ = {isa = PBXFileReference; lastKnownFileType = folder.assetcatalog; path = "Preview Assets.xcassets"; sourceTree = "<group>"; };
		D67BB5AE24F31086003C0262 /* Base */ = {isa = PBXFileReference; lastKnownFileType = file.storyboard; name = Base; path = Base.lproj/LaunchScreen.storyboard; sourceTree = "<group>"; };
		D67BB5B024F31086003C0262 /* Info.plist */ = {isa = PBXFileReference; lastKnownFileType = text.plist.xml; path = Info.plist; sourceTree = "<group>"; };
/* End PBXFileReference section */

/* Begin PBXFrameworksBuildPhase section */
		D67BB59C24F31084003C0262 /* Frameworks */ = {
			isa = PBXFrameworksBuildPhase;
			buildActionMask = 2147483647;
			files = (
			);
			runOnlyForDeploymentPostprocessing = 0;
		};
/* End PBXFrameworksBuildPhase section */

/* Begin PBXGroup section */
		D67BB59624F31084003C0262 = {
			isa = PBXGroup;
			children = (
				D67BB5A124F31084003C0262 /* Bullseye1 */,
				D67BB5A024F31084003C0262 /* Products */,
			);
			sourceTree = "<group>";
		};
		D67BB5A024F31084003C0262 /* Products */ = {
			isa = PBXGroup;
			children = (
				D67BB59F24F31084003C0262 /* Bullseye🎯.app */,
			);
			name = Products;
			sourceTree = "<group>";
		};
		D67BB5A124F31084003C0262 /* Bullseye1 */ = {
			isa = PBXGroup;
			children = (
				D67BB5A224F31084003C0262 /* AppDelegate.swift */,
				D67BB5A424F31084003C0262 /* SceneDelegate.swift */,
				D67BB5A624F31084003C0262 /* ContentView.swift */,
				D65C2C6A24F373C300D98F1C /* AboutView.swift */,
				D65C2C6824F36CE700D98F1C /* SwiftUIView.swift */,
				D67BB5A824F31086003C0262 /* Assets.xcassets */,
				D67BB5AD24F31086003C0262 /* LaunchScreen.storyboard */,
				D67BB5B024F31086003C0262 /* Info.plist */,
				D67BB5AA24F31086003C0262 /* Preview Content */,
			);
			path = Bullseye1;
			sourceTree = "<group>";
		};
		D67BB5AA24F31086003C0262 /* Preview Content */ = {
			isa = PBXGroup;
			children = (
				D67BB5AB24F31086003C0262 /* Preview Assets.xcassets */,
			);
			path = "Preview Content";
			sourceTree = "<group>";
		};
/* End PBXGroup section */

/* Begin PBXNativeTarget section */
		D67BB59E24F31084003C0262 /* Bullseye1 */ = {
			isa = PBXNativeTarget;
			buildConfigurationList = D67BB5B324F31086003C0262 /* Build configuration list for PBXNativeTarget "Bullseye1" */;
			buildPhases = (
				D67BB59B24F31084003C0262 /* Sources */,
				D67BB59C24F31084003C0262 /* Frameworks */,
				D67BB59D24F31084003C0262 /* Resources */,
			);
			buildRules = (
			);
			dependencies = (
			);
			name = Bullseye1;
			productName = Bullseye1;
			productReference = D67BB59F24F31084003C0262 /* Bullseye🎯.app */;
			productType = "com.apple.product-type.application";
		};
/* End PBXNativeTarget section */

/* Begin PBXProject section */
		D67BB59724F31084003C0262 /* Project object */ = {
			isa = PBXProject;
			attributes = {
				KnownAssetTags = (
					New,
				);
				LastSwiftUpdateCheck = 1160;
				LastUpgradeCheck = 1160;
				ORGANIZATIONNAME = "Thanh Pham";
				TargetAttributes = {
					D67BB59E24F31084003C0262 = {
						CreatedOnToolsVersion = 11.6;
					};
				};
			};
			buildConfigurationList = D67BB59A24F31084003C0262 /* Build configuration list for PBXProject "Bullseye1" */;
			compatibilityVersion = "Xcode 9.3";
			developmentRegion = en;
			hasScannedForEncodings = 0;
			knownRegions = (
				en,
				Base,
			);
			mainGroup = D67BB59624F31084003C0262;
			productRefGroup = D67BB5A024F31084003C0262 /* Products */;
			projectDirPath = "";
			projectRoot = "";
			targets = (
				D67BB59E24F31084003C0262 /* Bullseye1 */,
			);
		};
/* End PBXProject section */

/* Begin PBXResourcesBuildPhase section */
		D67BB59D24F31084003C0262 /* Resources */ = {
			isa = PBXResourcesBuildPhase;
			buildActionMask = 2147483647;
			files = (
				D67BB5AF24F31086003C0262 /* LaunchScreen.storyboard in Resources */,
				D67BB5AC24F31086003C0262 /* Preview Assets.xcassets in Resources */,
				D67BB5A924F31086003C0262 /* Assets.xcassets in Resources */,
			);
			runOnlyForDeploymentPostprocessing = 0;
		};
/* End PBXResourcesBuildPhase section */

/* Begin PBXSourcesBuildPhase section */
		D67BB59B24F31084003C0262 /* Sources */ = {
			isa = PBXSourcesBuildPhase;
			buildActionMask = 2147483647;
			files = (
				D67BB5A324F31084003C0262 /* AppDelegate.swift in Sources */,
				D67BB5A524F31084003C0262 /* SceneDelegate.swift in Sources */,
				D65C2C6924F36CE700D98F1C /* SwiftUIView.swift in Sources */,
				D67BB5A724F31084003C0262 /* ContentView.swift in Sources */,
				D65C2C6B24F373C300D98F1C /* AboutView.swift in Sources */,
			);
			runOnlyForDeploymentPostprocessing = 0;
		};
/* End PBXSourcesBuildPhase section */

/* Begin PBXVariantGroup section */
		D67BB5AD24F31086003C0262 /* LaunchScreen.storyboard */ = {
			isa = PBXVariantGroup;
			children = (
				D67BB5AE24F31086003C0262 /* Base */,
			);
			name = LaunchScreen.storyboard;
			sourceTree = "<group>";
		};
/* End PBXVariantGroup section */

/* Begin XCBuildConfiguration section */
		D67BB5B124F31086003C0262 /* Debug */ = {
			isa = XCBuildConfiguration;
			buildSettings = {
				ALWAYS_SEARCH_USER_PATHS = NO;
				CLANG_ANALYZER_NONNULL = YES;
				CLANG_ANALYZER_NUMBER_OBJECT_CONVERSION = YES_AGGRESSIVE;
				CLANG_CXX_LANGUAGE_STANDARD = "gnu++14";
				CLANG_CXX_LIBRARY = "libc++";
				CLANG_ENABLE_MODULES = YES;
				CLANG_ENABLE_OBJC_ARC = YES;
				CLANG_ENABLE_OBJC_WEAK = YES;
				CLANG_WARN_BLOCK_CAPTURE_AUTORELEASING = YES;
				CLANG_WARN_BOOL_CONVERSION = YES;
				CLANG_WARN_COMMA = YES;
				CLANG_WARN_CONSTANT_CONVERSION = YES;
				CLANG_WARN_DEPRECATED_OBJC_IMPLEMENTATIONS = YES;
				CLANG_WARN_DIRECT_OBJC_ISA_USAGE = YES_ERROR;
				CLANG_WARN_DOCUMENTATION_COMMENTS = YES;
				CLANG_WARN_EMPTY_BODY = YES;
				CLANG_WARN_ENUM_CONVERSION = YES;
				CLANG_WARN_INFINITE_RECURSION = YES;
				CLANG_WARN_INT_CONVERSION = YES;
				CLANG_WARN_NON_LITERAL_NULL_CONVERSION = YES;
				CLANG_WARN_OBJC_IMPLICIT_RETAIN_SELF = YES;
				CLANG_WARN_OBJC_LITERAL_CONVERSION = YES;
				CLANG_WARN_OBJC_ROOT_CLASS = YES_ERROR;
				CLANG_WARN_RANGE_LOOP_ANALYSIS = YES;
				CLANG_WARN_STRICT_PROTOTYPES = YES;
				CLANG_WARN_SUSPICIOUS_MOVE = YES;
				CLANG_WARN_UNGUARDED_AVAILABILITY = YES_AGGRESSIVE;
				CLANG_WARN_UNREACHABLE_CODE = YES;
				CLANG_WARN__DUPLICATE_METHOD_MATCH = YES;
				COPY_PHASE_STRIP = NO;
				DEBUG_INFORMATION_FORMAT = dwarf;
				ENABLE_STRICT_OBJC_MSGSEND = YES;
				ENABLE_TESTABILITY = YES;
				GCC_C_LANGUAGE_STANDARD = gnu11;
				GCC_DYNAMIC_NO_PIC = NO;
				GCC_NO_COMMON_BLOCKS = YES;
				GCC_OPTIMIZATION_LEVEL = 0;
				GCC_PREPROCESSOR_DEFINITIONS = (
					"DEBUG=1",
					"$(inherited)",
				);
				GCC_WARN_64_TO_32_BIT_CONVERSION = YES;
				GCC_WARN_ABOUT_RETURN_TYPE = YES_ERROR;
				GCC_WARN_UNDECLARED_SELECTOR = YES;
				GCC_WARN_UNINITIALIZED_AUTOS = YES_AGGRESSIVE;
				GCC_WARN_UNUSED_FUNCTION = YES;
				GCC_WARN_UNUSED_VARIABLE = YES;
				IPHONEOS_DEPLOYMENT_TARGET = 13.6;
				MTL_ENABLE_DEBUG_INFO = INCLUDE_SOURCE;
				MTL_FAST_MATH = YES;
				ONLY_ACTIVE_ARCH = YES;
				SDKROOT = iphoneos;
				SWIFT_ACTIVE_COMPILATION_CONDITIONS = DEBUG;
				SWIFT_OPTIMIZATION_LEVEL = "-Onone";
			};
			name = Debug;
		};
		D67BB5B224F31086003C0262 /* Release */ = {
			isa = XCBuildConfiguration;
			buildSettings = {
				ALWAYS_SEARCH_USER_PATHS = NO;
				CLANG_ANALYZER_NONNULL = YES;
				CLANG_ANALYZER_NUMBER_OBJECT_CONVERSION = YES_AGGRESSIVE;
				CLANG_CXX_LANGUAGE_STANDARD = "gnu++14";
				CLANG_CXX_LIBRARY = "libc++";
				CLANG_ENABLE_MODULES = YES;
				CLANG_ENABLE_OBJC_ARC = YES;
				CLANG_ENABLE_OBJC_WEAK = YES;
				CLANG_WARN_BLOCK_CAPTURE_AUTORELEASING = YES;
				CLANG_WARN_BOOL_CONVERSION = YES;
				CLANG_WARN_COMMA = YES;
				CLANG_WARN_CONSTANT_CONVERSION = YES;
				CLANG_WARN_DEPRECATED_OBJC_IMPLEMENTATIONS = YES;
				CLANG_WARN_DIRECT_OBJC_ISA_USAGE = YES_ERROR;
				CLANG_WARN_DOCUMENTATION_COMMENTS = YES;
				CLANG_WARN_EMPTY_BODY = YES;
				CLANG_WARN_ENUM_CONVERSION = YES;
				CLANG_WARN_INFINITE_RECURSION = YES;
				CLANG_WARN_INT_CONVERSION = YES;
				CLANG_WARN_NON_LITERAL_NULL_CONVERSION = YES;
				CLANG_WARN_OBJC_IMPLICIT_RETAIN_SELF = YES;
				CLANG_WARN_OBJC_LITERAL_CONVERSION = YES;
				CLANG_WARN_OBJC_ROOT_CLASS = YES_ERROR;
				CLANG_WARN_RANGE_LOOP_ANALYSIS = YES;
				CLANG_WARN_STRICT_PROTOTYPES = YES;
				CLANG_WARN_SUSPICIOUS_MOVE = YES;
				CLANG_WARN_UNGUARDED_AVAILABILITY = YES_AGGRESSIVE;
				CLANG_WARN_UNREACHABLE_CODE = YES;
				CLANG_WARN__DUPLICATE_METHOD_MATCH = YES;
				COPY_PHASE_STRIP = NO;
				DEBUG_INFORMATION_FORMAT = "dwarf-with-dsym";
				ENABLE_NS_ASSERTIONS = NO;
				ENABLE_STRICT_OBJC_MSGSEND = YES;
				GCC_C_LANGUAGE_STANDARD = gnu11;
				GCC_NO_COMMON_BLOCKS = YES;
				GCC_WARN_64_TO_32_BIT_CONVERSION = YES;
				GCC_WARN_ABOUT_RETURN_TYPE = YES_ERROR;
				GCC_WARN_UNDECLARED_SELECTOR = YES;
				GCC_WARN_UNINITIALIZED_AUTOS = YES_AGGRESSIVE;
				GCC_WARN_UNUSED_FUNCTION = YES;
				GCC_WARN_UNUSED_VARIABLE = YES;
				IPHONEOS_DEPLOYMENT_TARGET = 13.6;
				MTL_ENABLE_DEBUG_INFO = NO;
				MTL_FAST_MATH = YES;
				SDKROOT = iphoneos;
				SWIFT_COMPILATION_MODE = wholemodule;
				SWIFT_OPTIMIZATION_LEVEL = "-O";
				VALIDATE_PRODUCT = YES;
			};
			name = Release;
		};
		D67BB5B424F31086003C0262 /* Debug */ = {
			isa = XCBuildConfiguration;
			buildSettings = {
				ASSETCATALOG_COMPILER_APPICON_NAME = AppIcon;
				CODE_SIGN_STYLE = Automatic;
				DEVELOPMENT_ASSET_PATHS = "\"Bullseye1/Preview Content\"";
				DEVELOPMENT_TEAM = FW6TJGB6H7;
				ENABLE_PREVIEWS = YES;
				INFOPLIST_FILE = Bullseye1/Info.plist;
				LD_RUNPATH_SEARCH_PATHS = (
					"$(inherited)",
					"@executable_path/Frameworks",
				);
				PRODUCT_BUNDLE_IDENTIFIER = com.example.Bullseye1;
				PRODUCT_NAME = "Bullseye🎯";
				SWIFT_VERSION = 5.0;
				TARGETED_DEVICE_FAMILY = "1,2";
			};
			name = Debug;
		};
		D67BB5B524F31086003C0262 /* Release */ = {
			isa = XCBuildConfiguration;
			buildSettings = {
				ASSETCATALOG_COMPILER_APPICON_NAME = AppIcon;
				CODE_SIGN_STYLE = Automatic;
				DEVELOPMENT_ASSET_PATHS = "\"Bullseye1/Preview Content\"";
				DEVELOPMENT_TEAM = FW6TJGB6H7;
				ENABLE_PREVIEWS = YES;
				INFOPLIST_FILE = Bullseye1/Info.plist;
				LD_RUNPATH_SEARCH_PATHS = (
					"$(inherited)",
					"@executable_path/Frameworks",
				);
				PRODUCT_BUNDLE_IDENTIFIER = com.example.Bullseye1;
				PRODUCT_NAME = "Bullseye🎯";
				SWIFT_VERSION = 5.0;
				TARGETED_DEVICE_FAMILY = "1,2";
			};
			name = Release;
		};
/* End XCBuildConfiguration section */

/* Begin XCConfigurationList section */
		D67BB59A24F31084003C0262 /* Build configuration list for PBXProject "Bullseye1" */ = {
			isa = XCConfigurationList;
			buildConfigurations = (
				D67BB5B124F31086003C0262 /* Debug */,
				D67BB5B224F31086003C0262 /* Release */,
			);
			defaultConfigurationIsVisible = 0;
			defaultConfigurationName = Release;
		};
		D67BB5B324F31086003C0262 /* Build configuration list for PBXNativeTarget "Bullseye1" */ = {
			isa = XCConfigurationList;
			buildConfigurations = (
				D67BB5B424F31086003C0262 /* Debug */,
				D67BB5B524F31086003C0262 /* Release */,
			);
			defaultConfigurationIsVisible = 0;
			defaultConfigurationName = Release;
		};
/* End XCConfigurationList section */
	};
	rootObject = D67BB59724F31084003C0262 /* Project object */;
}
